
Microsoft Visual Studio Solution File, Format Version 12.00
# Visual Studio Version 17
VisualStudioVersion = 17.9.34701.34
MinimumVisualStudioVersion = 10.0.40219.1
Project("{9A19103F-16F7-4668-BE54-9A1E7A4F7556}") = "FPSHome", "FPSHome.csproj", "{75E26F8A-FD99-4999-9C95-1C88574D0AD9}"
EndProject
Global
	GlobalSection(SolutionConfigurationPlatforms) = preSolution
		Debug|Any CPU = Debug|Any CPU
		Release|Any CPU = Release|Any CPU
	EndGlobalSection
	GlobalSection(ProjectConfigurationPlatforms) = postSolution
		{75E26F8A-FD99-4999-9C95-1C88574D0AD9}.Debug|Any CPU.ActiveCfg = Debug|Any CPU
		{75E26F8A-FD99-4999-9C95-1C88574D0AD9}.Debug|Any CPU.Build.0 = Debug|Any CPU
		{75E26F8A-FD99-4999-9C95-1C88574D0AD9}.Release|Any CPU.ActiveCfg = Release|Any CPU
		{75E26F8A-FD99-4999-9C95-1C88574D0AD9}.Release|Any CPU.Build.0 = Release|Any CPU
	EndGlobalSection
	GlobalSection(SolutionProperties) = preSolution
		HideSolutionNode = FALSE
	EndGlobalSection
	GlobalSection(ExtensibilityGlobals) = postSolution
		SolutionGuid = {5DC70F30-CA86-433E-91F5-CCCAE5873D95}
	EndGlobalSection
EndGlobal
